schema_version: 1
last_reviewed: "2026-08-27"
upstreams:
  - name: playerbots-azerothcore
    url: https://github.com/mod-playerbots/azerothcore-wotlk.git
    branch: Playerbot
    commit: 9fb906bb7296212ff42fc95ff73a92aaf8554f0d
    verification_status: docker-build-passed-2026-08-26
  - name: mod-playerbots
    url: https://github.com/mod-playerbots/mod-playerbots.git
    branch: master
    commit: 2f7d9f774987d0157c6a0d0cc08c40bec3db3945
    verification_status: docker-build-passed-2026-08-26
  - name: mod-progression-system
    url: https://github.com/azerothcore/mod-progression-system.git
    branch: main
    commit: 84a25e6df8497d83432e61aa38557a92c156e77d
    verification_status: docker-build-passed-2026-08-26
  - name: mod-ah-bot
    url: https://github.com/azerothcore/mod-ah-bot.git
    branch: master
    commit: a680cc1c98290713e9b3d3289544af78e5186dc1
    verification_status: docker-build-passed-2026-08-27
  - name: ConsolePortLK
    url: https://github.com/leoaviana/ConsolePortLK.git
    branch: master
    commit: 994793729ca4a5b97e87df7ce6b986ec2a370d55
    release: 1.5.0-rc2
    archive_sha256: 9ee20bb1f3c5c5b8d45fcc5980a07bb90d49a707e120613453177c05fea6497f
    verification_status: archive-and-automated-integration-passed-physical-client-pending-2026-08-31

# Build evidence and remaining live-smoke limitations are in docs/PROJECT.md.
